# THIS IS AN AUTOGENERATED FILE. DO NOT EDIT THIS FILE DIRECTLY.
# yarn lockfile v1


serverless-functions-base-path@^1.0.32:
  version "1.0.32"
  resolved "https://registry.yarnpkg.com/serverless-functions-base-path/-/serverless-functions-base-path-1.0.32.tgz#cae7c233743e39717bb5e635245c0d173d635bbe"
  integrity sha512-plowyy28cSWX1kfkkSZOpLymdiruVxUCiM/qtGIBTUmenPB2h0i+QK/i1pRhOGYK+fR+vZbOHzdNPB+QZfbdRw==
